
Microsoft Visual Studio Solution File, Format Version 12.00
# Visual Studio Version 17
VisualStudioVersion = 17.8.34511.84
MinimumVisualStudioVersion = 10.0.40219.1
Project("{9A19103F-16F7-4668-BE54-9A1E7A4F7556}") = "api_rest_dynamic", "api_rest_dynamic\api_rest_dynamic.csproj", "{B281F2C9-2430-4CF5-8A15-FF7994E6D624}"
EndProject
Global
	GlobalSection(SolutionConfigurationPlatforms) = preSolution
		Debug|Any CPU = Debug|Any CPU
		Release|Any CPU = Release|Any CPU
	EndGlobalSection
	GlobalSection(ProjectConfigurationPlatforms) = postSolution
		{B281F2C9-2430-4CF5-8A15-FF7994E6D624}.Debug|Any CPU.ActiveCfg = Debug|Any CPU
		{B281F2C9-2430-4CF5-8A15-FF7994E6D624}.Debug|Any CPU.Build.0 = Debug|Any CPU
		{B281F2C9-2430-4CF5-8A15-FF7994E6D624}.Release|Any CPU.ActiveCfg = Release|Any CPU
		{B281F2C9-2430-4CF5-8A15-FF7994E6D624}.Release|Any CPU.Build.0 = Release|Any CPU
	EndGlobalSection
	GlobalSection(SolutionProperties) = preSolution
		HideSolutionNode = FALSE
	EndGlobalSection
	GlobalSection(ExtensibilityGlobals) = postSolution
		SolutionGuid = {4AC27FD4-07C2-4E22-B7D9-41D56504DFF2}
	EndGlobalSection
EndGlobal
